
Microsoft Visual Studio Solution File, Format Version 12.00
# Visual Studio 15
VisualStudioVersion = 15.0.26730.12
MinimumVisualStudioVersion = 10.0.40219.1
Project("{FAE04EC0-301F-11D3-BF4B-00C04F79EFBC}") = "MobilePhone", "MobilePhone\MobilePhone.csproj", "{78AC13CE-FEAC-4375-8C77-E06CA4B867DA}"
EndProject
Global
	GlobalSection(SolutionConfigurationPlatforms) = preSolution
		Debug|Any CPU = Debug|Any CPU
		Release|Any CPU = Release|Any CPU
	EndGlobalSection
	GlobalSection(ProjectConfigurationPlatforms) = postSolution
		{78AC13CE-FEAC-4375-8C77-E06CA4B867DA}.Debug|Any CPU.ActiveCfg = Debug|Any CPU
		{78AC13CE-FEAC-4375-8C77-E06CA4B867DA}.Debug|Any CPU.Build.0 = Debug|Any CPU
		{78AC13CE-FEAC-4375-8C77-E06CA4B867DA}.Release|Any CPU.ActiveCfg = Release|Any CPU
		{78AC13CE-FEAC-4375-8C77-E06CA4B867DA}.Release|Any CPU.Build.0 = Release|Any CPU
	EndGlobalSection
	GlobalSection(SolutionProperties) = preSolution
		HideSolutionNode = FALSE
	EndGlobalSection
	GlobalSection(ExtensibilityGlobals) = postSolution
		SolutionGuid = {A15A4BDE-C419-433B-823A-6C713A6273F7}
	EndGlobalSection
EndGlobal
